
Microsoft Visual Studio Solution File, Format Version 12.00
# Visual Studio Version 17
VisualStudioVersion = 17.0.31512.422
MinimumVisualStudioVersion = 10.0.40219.1
Project("{FAE04EC0-301F-11D3-BF4B-00C04F79EFBC}") = "Forza Horizon 4 Helper", "Forza Horizon 4 Helper\Forza Horizon 4 Helper.csproj", "{AF1B3BD6-127E-4D1E-BD38-82E54A3A19F3}"
EndProject
Global
	GlobalSection(SolutionConfigurationPlatforms) = preSolution
		Debug|Any CPU = Debug|Any CPU
		Release|Any CPU = Release|Any CPU
	EndGlobalSection
	GlobalSection(ProjectConfigurationPlatforms) = postSolution
		{AF1B3BD6-127E-4D1E-BD38-82E54A3A19F3}.Debug|Any CPU.ActiveCfg = Debug|Any CPU
		{AF1B3BD6-127E-4D1E-BD38-82E54A3A19F3}.Debug|Any CPU.Build.0 = Debug|Any CPU
		{AF1B3BD6-127E-4D1E-BD38-82E54A3A19F3}.Release|Any CPU.ActiveCfg = Release|Any CPU
		{AF1B3BD6-127E-4D1E-BD38-82E54A3A19F3}.Release|Any CPU.Build.0 = Release|Any CPU
	EndGlobalSection
	GlobalSection(SolutionProperties) = preSolution
		HideSolutionNode = FALSE
	EndGlobalSection
	GlobalSection(ExtensibilityGlobals) = postSolution
		SolutionGuid = {7E3394C3-C8C6-40C3-842D-C44EF6F9B64C}
	EndGlobalSection
EndGlobal
